
Microsoft Visual Studio Solution File, Format Version 12.00
# Visual Studio Version 17
VisualStudioVersion = 17.7.34202.233
MinimumVisualStudioVersion = 10.0.40219.1
Project("{9A19103F-16F7-4668-BE54-9A1E7A4F7556}") = "KatmanliBurger_DATA", "KatmanliBurger_DATA\KatmanliBurger_DATA.csproj", "{9E46CFE4-D0D7-483D-8767-7DBFDBDCC19E}"
EndProject
Project("{9A19103F-16F7-4668-BE54-9A1E7A4F7556}") = "KatmanliBurger_SERVICE", "KatmanliBurger_SERVICE\KatmanliBurger_SERVICE.csproj", "{33507F47-749D-4D29-A2FC-9AD0CAFCAE26}"
EndProject
Project("{FAE04EC0-301F-11D3-BF4B-00C04F79EFBC}") = "KatmaniBurger_DAL", "KatmaniBurger_DAL\KatmaniBurger_DAL.csproj", "{CC3E8DBB-3531-466E-B7B0-36E46FA94466}"
EndProject
Project("{FAE04EC0-301F-11D3-BF4B-00C04F79EFBC}") = "KatmanliBurger_WebUI", "KatmanliBurger_WebUI\KatmanliBurger_WebUI.csproj", "{1479766B-B2E8-4B22-AF03-9A1E9381A914}"
EndProject
Global
	GlobalSection(SolutionConfigurationPlatforms) = preSolution
		Debug|Any CPU = Debug|Any CPU
		Release|Any CPU = Release|Any CPU
	EndGlobalSection
	GlobalSection(ProjectConfigurationPlatforms) = postSolution
		{9E46CFE4-D0D7-483D-8767-7DBFDBDCC19E}.Debug|Any CPU.ActiveCfg = Debug|Any CPU
		{9E46CFE4-D0D7-483D-8767-7DBFDBDCC19E}.Debug|Any CPU.Build.0 = Debug|Any CPU
		{9E46CFE4-D0D7-483D-8767-7DBFDBDCC19E}.Release|Any CPU.ActiveCfg = Release|Any CPU
		{9E46CFE4-D0D7-483D-8767-7DBFDBDCC19E}.Release|Any CPU.Build.0 = Release|Any CPU
		{33507F47-749D-4D29-A2FC-9AD0CAFCAE26}.Debug|Any CPU.ActiveCfg = Debug|Any CPU
		{33507F47-749D-4D29-A2FC-9AD0CAFCAE26}.Debug|Any CPU.Build.0 = Debug|Any CPU
		{33507F47-749D-4D29-A2FC-9AD0CAFCAE26}.Release|Any CPU.ActiveCfg = Release|Any CPU
		{33507F47-749D-4D29-A2FC-9AD0CAFCAE26}.Release|Any CPU.Build.0 = Release|Any CPU
		{CC3E8DBB-3531-466E-B7B0-36E46FA94466}.Debug|Any CPU.ActiveCfg = Debug|Any CPU
		{CC3E8DBB-3531-466E-B7B0-36E46FA94466}.Debug|Any CPU.Build.0 = Debug|Any CPU
		{CC3E8DBB-3531-466E-B7B0-36E46FA94466}.Release|Any CPU.ActiveCfg = Release|Any CPU
		{CC3E8DBB-3531-466E-B7B0-36E46FA94466}.Release|Any CPU.Build.0 = Release|Any CPU
		{1479766B-B2E8-4B22-AF03-9A1E9381A914}.Debug|Any CPU.ActiveCfg = Debug|Any CPU
		{1479766B-B2E8-4B22-AF03-9A1E9381A914}.Debug|Any CPU.Build.0 = Debug|Any CPU
		{1479766B-B2E8-4B22-AF03-9A1E9381A914}.Release|Any CPU.ActiveCfg = Release|Any CPU
		{1479766B-B2E8-4B22-AF03-9A1E9381A914}.Release|Any CPU.Build.0 = Release|Any CPU
	EndGlobalSection
	GlobalSection(SolutionProperties) = preSolution
		HideSolutionNode = FALSE
	EndGlobalSection
	GlobalSection(ExtensibilityGlobals) = postSolution
		SolutionGuid = {25EE8AF7-B111-4083-94B3-E7A3D3197DA6}
	EndGlobalSection
EndGlobal
